<?xml version="1.0" encoding="utf-8"?>
<Project ToolsVersion="4.0" xmlns="http://schemas.microsoft.com/developer/msbuild/2003">
  <ItemGroup>
    <Filter Include="源文件">
      <UniqueIdentifier>{4FC737F1-C7A5-4376-A066-2A32D752A2FF}</UniqueIdentifier>
      <Extensions>cpp;c;cc;cxx;def;odl;idl;hpj;bat;asm;asmx</Extensions>
    </Filter>
    <Filter Include="头文件">
      <UniqueIdentifier>{93995380-89BD-4b04-88EB-625FBE52EBFB}</UniqueIdentifier>
      <Extensions>h;hh;hpp;hxx;hm;inl;inc;xsd</Extensions>
    </Filter>
    <Filter Include="资源文件">
      <UniqueIdentifier>{67DA6AB6-F800-4c08-8B7A-83BB121AAD01}</UniqueIdentifier>
      <Extensions>rc;ico;cur;bmp;dlg;rc2;rct;bin;rgs;gif;jpg;jpeg;jpe;resx;tiff;tif;png;wav;mfcribbon-ms</Extensions>
    </Filter>
  </ItemGroup>
  <ItemGroup>
    <ClCompile Include="src\stdafx.cpp">
      <Filter>源文件</Filter>
    </ClCompile>
    <ClCompile Include="src\main.cpp">
      <Filter>源文件</Filter>
    </ClCompile>
    <ClCompile Include="src\THEngine\Asset\THAssetManager.cpp">
      <Filter>源文件</Filter>
    </ClCompile>
    <ClCompile Include="src\THEngine\Asset\THImage.cpp">
      <Filter>源文件</Filter>
    </ClCompile>
    <ClCompile Include="src\THEngine\Asset\THShader.cpp">
      <Filter>源文件</Filter>
    </ClCompile>
    <ClCompile Include="src\THEngine\Asset\THTexture.cpp">
      <Filter>源文件</Filter>
    </ClCompile>
    <ClCompile Include="src\THEngine\Common\THCommon.cpp">
      <Filter>源文件</Filter>
    </ClCompile>
    <ClCompile Include="src\THEngine\Common\THEngineObject.cpp">
      <Filter>源文件</Filter>
    </ClCompile>
    <ClCompile Include="src\THEngine\Common\THException.cpp">
      <Filter>源文件</Filter>
    </ClCompile>
    <ClCompile Include="src\THEngine\Common\THExceptionManager.cpp">
      <Filter>源文件</Filter>
    </ClCompile>
    <ClCompile Include="src\THEngine\Common\THLogger.cpp">
      <Filter>源文件</Filter>
    </ClCompile>
    <ClCompile Include="src\THEngine\Common\THObject.cpp">
      <Filter>源文件</Filter>
    </ClCompile>
    <ClCompile Include="src\THEngine\Common\THString.cpp">
      <Filter>源文件</Filter>
    </ClCompile>
    <ClCompile Include="src\THEngine\Core\3D\THLight.cpp">
      <Filter>源文件</Filter>
    </ClCompile>
    <ClCompile Include="src\THEngine\Core\3D\THMesh.cpp">
      <Filter>源文件</Filter>
    </ClCompile>
    <ClCompile Include="src\THEngine\Core\THCamera.cpp">
      <Filter>源文件</Filter>
    </ClCompile>
    <ClCompile Include="src\THEngine\Core\THFont.cpp">
      <Filter>源文件</Filter>
    </ClCompile>
    <ClCompile Include="src\THEngine\Core\THGame.cpp">
      <Filter>源文件</Filter>
    </ClCompile>
    <ClCompile Include="src\THEngine\Core\THGameObject.cpp">
      <Filter>源文件</Filter>
    </ClCompile>
    <ClCompile Include="src\THEngine\Core\THLayer.cpp">
      <Filter>源文件</Filter>
    </ClCompile>
    <ClCompile Include="src\THEngine\Core\THParticle3D.cpp">
      <Filter>源文件</Filter>
    </ClCompile>
    <ClCompile Include="src\THEngine\Core\THRenderState.cpp">
      <Filter>源文件</Filter>
    </ClCompile>
    <ClCompile Include="src\THEngine\Core\THScene.cpp">
      <Filter>源文件</Filter>
    </ClCompile>
    <ClCompile Include="src\THEngine\Core\THSprite.cpp">
      <Filter>源文件</Filter>
    </ClCompile>
    <ClCompile Include="src\THEngine\Platform\External\CWaveFile.cpp">
      <Filter>源文件</Filter>
    </ClCompile>
    <ClCompile Include="src\THEngine\Platform\THApplication.cpp">
      <Filter>源文件</Filter>
    </ClCompile>
    <ClCompile Include="src\THEngine\Platform\THAudio.cpp">
      <Filter>源文件</Filter>
    </ClCompile>
    <ClCompile Include="src\THEngine\Platform\THInput.cpp">
      <Filter>源文件</Filter>
    </ClCompile>
    <ClCompile Include="src\THEngine\Platform\THMusic.cpp">
      <Filter>源文件</Filter>
    </ClCompile>
    <ClCompile Include="src\THEngine\Platform\THSound.cpp">
      <Filter>源文件</Filter>
    </ClCompile>
    <ClCompile Include="src\THEngine\Renderer\THMeshRenderer.cpp">
      <Filter>源文件</Filter>
    </ClCompile>
    <ClCompile Include="src\THEngine\Renderer\THParticle3DRenderer.cpp">
      <Filter>源文件</Filter>
    </ClCompile>
    <ClCompile Include="src\THEngine\Renderer\THRenderQueue.cpp">
      <Filter>源文件</Filter>
    </ClCompile>
    <ClCompile Include="src\THEngine\Renderer\THSpriteRenderer.cpp">
      <Filter>源文件</Filter>
    </ClCompile>
    <ClCompile Include="src\THEngine\Tween\THConcreteTween.cpp">
      <Filter>源文件</Filter>
    </ClCompile>
    <ClCompile Include="src\THEngine\Tween\THConcreteTweener.cpp">
      <Filter>源文件</Filter>
    </ClCompile>
    <ClCompile Include="src\THEngine\Tween\THTween.cpp">
      <Filter>源文件</Filter>
    </ClCompile>
    <ClCompile Include="src\THEngine\Tween\THTweener.cpp">
      <Filter>源文件</Filter>
    </ClCompile>
    <ClCompile Include="src\THEngine\Tween\THTweenManager.cpp">
      <Filter>源文件</Filter>
    </ClCompile>
    <ClCompile Include="src\THEngine\UI\THEventSystem.cpp">
      <Filter>源文件</Filter>
    </ClCompile>
    <ClCompile Include="src\THEngine\UI\THMenu.cpp">
      <Filter>源文件</Filter>
    </ClCompile>
    <ClCompile Include="src\THEngine\UI\THMenuItem.cpp">
      <Filter>源文件</Filter>
    </ClCompile>
    <ClCompile Include="src\THEngine\Math\THMathUtil.cpp">
      <Filter>源文件</Filter>
    </ClCompile>
    <ClCompile Include="src\THEngine\Math\THMatrix.cpp">
      <Filter>源文件</Filter>
    </ClCompile>
    <ClCompile Include="src\THEngine\Math\THQuaternion.cpp">
      <Filter>源文件</Filter>
    </ClCompile>
    <ClCompile Include="src\THEngine\Math\THRandomGenerator.cpp">
      <Filter>源文件</Filter>
    </ClCompile>
    <ClCompile Include="src\THEngine\Math\THVector.cpp">
      <Filter>源文件</Filter>
    </ClCompile>
    <ClCompile Include="src\THEngine\Asset\THAssetImpl.cpp">
      <Filter>源文件</Filter>
    </ClCompile>
    <ClCompile Include="src\THEngine\Asset\THCubeMap.cpp">
      <Filter>源文件</Filter>
    </ClCompile>
    <ClCompile Include="src\THEngine\Asset\THFloatTexture.cpp">
      <Filter>源文件</Filter>
    </ClCompile>
    <ClCompile Include="src\THEngine\Asset\THRenderTexture.cpp">
      <Filter>源文件</Filter>
    </ClCompile>
    <ClCompile Include="src\THEngine\Asset\THShaderStock.cpp">
      <Filter>源文件</Filter>
    </ClCompile>
    <ClCompile Include="src\THEngine\Async\THAsyncInfo.cpp">
      <Filter>源文件</Filter>
    </ClCompile>
    <ClCompile Include="src\THEngine\Async\THAsyncLoader.cpp">
      <Filter>源文件</Filter>
    </ClCompile>
    <ClCompile Include="src\THEngine\Core\THDataStack.cpp">
      <Filter>源文件</Filter>
    </ClCompile>
    <ClCompile Include="src\THEngine\Core\THEnvironment.cpp">
      <Filter>源文件</Filter>
    </ClCompile>
    <ClCompile Include="src\THEngine\Platform\THCoreDumper.cpp">
      <Filter>源文件</Filter>
    </ClCompile>
    <ClCompile Include="src\THEngine\Platform\THDevice.cpp">
      <Filter>源文件</Filter>
    </ClCompile>
    <ClCompile Include="src\THEngine\Platform\THSurface.cpp">
      <Filter>源文件</Filter>
    </ClCompile>
    <ClCompile Include="src\THEngine\Platform\THSystemClock.cpp">
      <Filter>源文件</Filter>
    </ClCompile>
    <ClCompile Include="src\THEngine\Renderer\THRenderer.cpp">
      <Filter>源文件</Filter>
    </ClCompile>
    <ClCompile Include="src\THEngine\Renderer\THRenderPipleline.cpp">
      <Filter>源文件</Filter>
    </ClCompile>
    <ClCompile Include="src\THEngine\Renderer\THShadowMap.cpp">
      <Filter>源文件</Filter>
    </ClCompile>
    <ClCompile Include="src\THEngine\Renderer\THShadowRenderer.cpp">
      <Filter>源文件</Filter>
    </ClCompile>
    <ClCompile Include="src\THEngine\Renderer\THSkyBoxRenderer.cpp">
      <Filter>源文件</Filter>
    </ClCompile>
    <ClCompile Include="src\THEngine\Scheduling\THFrameTimer.cpp">
      <Filter>源文件</Filter>
    </ClCompile>
    <ClCompile Include="src\THEngine\Scheduling\THScheduler.cpp">
      <Filter>源文件</Filter>
    </ClCompile>
    <ClCompile Include="src\THEngine\Scheduling\THTime.cpp">
      <Filter>源文件</Filter>
    </ClCompile>
    <ClCompile Include="src\THEngine\Scheduling\THTimer.cpp">
      <Filter>源文件</Filter>
    </ClCompile>
    <ClCompile Include="src\THEngine\Util\THPicker.cpp">
      <Filter>源文件</Filter>
    </ClCompile>
  </ItemGroup>
  <ItemGroup>
    <ClInclude Include="src\Resource.h">
      <Filter>头文件</Filter>
    </ClInclude>
    <ClInclude Include="src\stdafx.h">
      <Filter>头文件</Filter>
    </ClInclude>
    <ClInclude Include="src\targetver.h">
      <Filter>头文件</Filter>
    </ClInclude>
    <ClInclude Include="src\THEngine\Asset\THAssetManager.h">
      <Filter>头文件</Filter>
    </ClInclude>
    <ClInclude Include="src\THEngine\Asset\THImage.h">
      <Filter>头文件</Filter>
    </ClInclude>
    <ClInclude Include="src\THEngine\Asset\THShader.h">
      <Filter>头文件</Filter>
    </ClInclude>
    <ClInclude Include="src\THEngine\Asset\THTexture.h">
      <Filter>头文件</Filter>
    </ClInclude>
    <ClInclude Include="src\THEngine\Common\THCommon.h">
      <Filter>头文件</Filter>
    </ClInclude>
    <ClInclude Include="src\THEngine\Common\THDefine.h">
      <Filter>头文件</Filter>
    </ClInclude>
    <ClInclude Include="src\THEngine\Common\THEngineObject.h">
      <Filter>头文件</Filter>
    </ClInclude>
    <ClInclude Include="src\THEngine\Common\THException.h">
      <Filter>头文件</Filter>
    </ClInclude>
    <ClInclude Include="src\THEngine\Common\THExceptionManager.h">
      <Filter>头文件</Filter>
    </ClInclude>
    <ClInclude Include="src\THEngine\Common\THFrameTimer.h">
      <Filter>头文件</Filter>
    </ClInclude>
    <ClInclude Include="src\THEngine\Common\THList.h">
      <Filter>头文件</Filter>
    </ClInclude>
    <ClInclude Include="src\THEngine\Common\THLogger.h">
      <Filter>头文件</Filter>
    </ClInclude>
    <ClInclude Include="src\THEngine\Common\THMap.h">
      <Filter>头文件</Filter>
    </ClInclude>
    <ClInclude Include="src\THEngine\Common\THObject.h">
      <Filter>头文件</Filter>
    </ClInclude>
    <ClInclude Include="src\THEngine\Common\THScheduler.h">
      <Filter>头文件</Filter>
    </ClInclude>
    <ClInclude Include="src\THEngine\Common\THString.h">
      <Filter>头文件</Filter>
    </ClInclude>
    <ClInclude Include="src\THEngine\Core\3D\THLight.h">
      <Filter>头文件</Filter>
    </ClInclude>
    <ClInclude Include="src\THEngine\Core\3D\THMesh.h">
      <Filter>头文件</Filter>
    </ClInclude>
    <ClInclude Include="src\THEngine\Core\THCamera.h">
      <Filter>头文件</Filter>
    </ClInclude>
    <ClInclude Include="src\THEngine\Core\THFont.h">
      <Filter>头文件</Filter>
    </ClInclude>
    <ClInclude Include="src\THEngine\Core\THGame.h">
      <Filter>头文件</Filter>
    </ClInclude>
    <ClInclude Include="src\THEngine\Core\THGameObject.h">
      <Filter>头文件</Filter>
    </ClInclude>
    <ClInclude Include="src\THEngine\Core\THLayer.h">
      <Filter>头文件</Filter>
    </ClInclude>
    <ClInclude Include="src\THEngine\Core\THParticle3D.h">
      <Filter>头文件</Filter>
    </ClInclude>
    <ClInclude Include="src\THEngine\Core\THRenderObject.h">
      <Filter>头文件</Filter>
    </ClInclude>
    <ClInclude Include="src\THEngine\Core\THRenderState.h">
      <Filter>头文件</Filter>
    </ClInclude>
    <ClInclude Include="src\THEngine\Core\THScene.h">
      <Filter>头文件</Filter>
    </ClInclude>
    <ClInclude Include="src\THEngine\Core\THSprite.h">
      <Filter>头文件</Filter>
    </ClInclude>
    <ClInclude Include="src\THEngine\External\libpng\png.h">
      <Filter>头文件</Filter>
    </ClInclude>
    <ClInclude Include="src\THEngine\External\libpng\pngconf.h">
      <Filter>头文件</Filter>
    </ClInclude>
    <ClInclude Include="src\THEngine\External\libpng\pnginfo.h">
      <Filter>头文件</Filter>
    </ClInclude>
    <ClInclude Include="src\THEngine\External\libpng\pnglibconf.h">
      <Filter>头文件</Filter>
    </ClInclude>
    <ClInclude Include="src\THEngine\External\libpng\pngpriv.h">
      <Filter>头文件</Filter>
    </ClInclude>
    <ClInclude Include="src\THEngine\External\libpng\pngstruct.h">
      <Filter>头文件</Filter>
    </ClInclude>
    <ClInclude Include="src\THEngine\Math\MathUtil.h">
      <Filter>头文件</Filter>
    </ClInclude>
    <ClInclude Include="src\THEngine\Math\Matrix.h">
      <Filter>头文件</Filter>
    </ClInclude>
    <ClInclude Include="src\THEngine\Platform\External\CWaveFile.h">
      <Filter>头文件</Filter>
    </ClInclude>
    <ClInclude Include="src\THEngine\Platform\THApplication.h">
      <Filter>头文件</Filter>
    </ClInclude>
    <ClInclude Include="src\THEngine\Platform\THAudio.h">
      <Filter>头文件</Filter>
    </ClInclude>
    <ClInclude Include="src\THEngine\Platform\THInput.h">
      <Filter>头文件</Filter>
    </ClInclude>
    <ClInclude Include="src\THEngine\Platform\THMusic.h">
      <Filter>头文件</Filter>
    </ClInclude>
    <ClInclude Include="src\THEngine\Platform\THSound.h">
      <Filter>头文件</Filter>
    </ClInclude>
    <ClInclude Include="src\THEngine\Renderer\THMeshRenderer.h">
      <Filter>头文件</Filter>
    </ClInclude>
    <ClInclude Include="src\THEngine\Renderer\THParticle3DRenderer.h">
      <Filter>头文件</Filter>
    </ClInclude>
    <ClInclude Include="src\THEngine\Renderer\THRenderer.h">
      <Filter>头文件</Filter>
    </ClInclude>
    <ClInclude Include="src\THEngine\Renderer\THRenderQueue.h">
      <Filter>头文件</Filter>
    </ClInclude>
    <ClInclude Include="src\THEngine\Renderer\THSpriteRenderer.h">
      <Filter>头文件</Filter>
    </ClInclude>
    <ClInclude Include="src\THEngine\Tween\THConcreteTween.h">
      <Filter>头文件</Filter>
    </ClInclude>
    <ClInclude Include="src\THEngine\Tween\THConcreteTweener.h">
      <Filter>头文件</Filter>
    </ClInclude>
    <ClInclude Include="src\THEngine\Tween\THTween.h">
      <Filter>头文件</Filter>
    </ClInclude>
    <ClInclude Include="src\THEngine\Tween\THTweener.h">
      <Filter>头文件</Filter>
    </ClInclude>
    <ClInclude Include="src\THEngine\Tween\THTweenManager.h">
      <Filter>头文件</Filter>
    </ClInclude>
    <ClInclude Include="src\THEngine\UI\THEvents.h">
      <Filter>头文件</Filter>
    </ClInclude>
    <ClInclude Include="src\THEngine\UI\THEventSystem.h">
      <Filter>头文件</Filter>
    </ClInclude>
    <ClInclude Include="src\THEngine\UI\THMenu.h">
      <Filter>头文件</Filter>
    </ClInclude>
    <ClInclude Include="src\THEngine\UI\THMenuItem.h">
      <Filter>头文件</Filter>
    </ClInclude>
    <ClInclude Include="src\THEngine\THEngine.h">
      <Filter>头文件</Filter>
    </ClInclude>
    <ClInclude Include="src\THEngine\External\libjpeg\jconfig.h">
      <Filter>头文件</Filter>
    </ClInclude>
    <ClInclude Include="src\THEngine\External\libjpeg\jmorecfg.h">
      <Filter>头文件</Filter>
    </ClInclude>
    <ClInclude Include="src\THEngine\External\libjpeg\jpeglib.h">
      <Filter>头文件</Filter>
    </ClInclude>
    <ClInclude Include="src\THEngine\Math\THMath.h">
      <Filter>头文件</Filter>
    </ClInclude>
    <ClInclude Include="src\THEngine\Math\THMathUtil.h">
      <Filter>头文件</Filter>
    </ClInclude>
    <ClInclude Include="src\THEngine\Math\THMatrix.h">
      <Filter>头文件</Filter>
    </ClInclude>
    <ClInclude Include="src\THEngine\Math\THQuaternion.h">
      <Filter>头文件</Filter>
    </ClInclude>
    <ClInclude Include="src\THEngine\Math\THRandomGenerator.h">
      <Filter>头文件</Filter>
    </ClInclude>
    <ClInclude Include="src\THEngine\Math\THVector.h">
      <Filter>头文件</Filter>
    </ClInclude>
    <ClInclude Include="src\THEngine\Asset\THAssetImpl.h">
      <Filter>头文件</Filter>
    </ClInclude>
    <ClInclude Include="src\THEngine\Asset\THCubeMap.h">
      <Filter>头文件</Filter>
    </ClInclude>
    <ClInclude Include="src\THEngine\Asset\THFloatTexture.h">
      <Filter>头文件</Filter>
    </ClInclude>
    <ClInclude Include="src\THEngine\Asset\THRenderTexture.h">
      <Filter>头文件</Filter>
    </ClInclude>
    <ClInclude Include="src\THEngine\Asset\THShaderStock.h">
      <Filter>头文件</Filter>
    </ClInclude>
    <ClInclude Include="src\THEngine\Async\THAsyncInfo.h">
      <Filter>头文件</Filter>
    </ClInclude>
    <ClInclude Include="src\THEngine\Async\THAsyncLoader.h">
      <Filter>头文件</Filter>
    </ClInclude>
    <ClInclude Include="src\THEngine\Common\THPtr.h">
      <Filter>头文件</Filter>
    </ClInclude>
    <ClInclude Include="src\THEngine\Common\THTemplates.h">
      <Filter>头文件</Filter>
    </ClInclude>
    <ClInclude Include="src\THEngine\Core\THConfig.h">
      <Filter>头文件</Filter>
    </ClInclude>
    <ClInclude Include="src\THEngine\Core\THDataStack.h">
      <Filter>头文件</Filter>
    </ClInclude>
    <ClInclude Include="src\THEngine\Core\THEnvironment.h">
      <Filter>头文件</Filter>
    </ClInclude>
    <ClInclude Include="src\THEngine\External\SDL2\begin_code.h">
      <Filter>头文件</Filter>
    </ClInclude>
    <ClInclude Include="src\THEngine\External\SDL2\close_code.h">
      <Filter>头文件</Filter>
    </ClInclude>
    <ClInclude Include="src\THEngine\External\SDL2\SDL.h">
      <Filter>头文件</Filter>
    </ClInclude>
    <ClInclude Include="src\THEngine\External\SDL2\SDL_assert.h">
      <Filter>头文件</Filter>
    </ClInclude>
    <ClInclude Include="src\THEngine\External\SDL2\SDL_atomic.h">
      <Filter>头文件</Filter>
    </ClInclude>
    <ClInclude Include="src\THEngine\External\SDL2\SDL_audio.h">
      <Filter>头文件</Filter>
    </ClInclude>
    <ClInclude Include="src\THEngine\External\SDL2\SDL_bits.h">
      <Filter>头文件</Filter>
    </ClInclude>
    <ClInclude Include="src\THEngine\External\SDL2\SDL_blendmode.h">
      <Filter>头文件</Filter>
    </ClInclude>
    <ClInclude Include="src\THEngine\External\SDL2\SDL_clipboard.h">
      <Filter>头文件</Filter>
    </ClInclude>
    <ClInclude Include="src\THEngine\External\SDL2\SDL_config.h">
      <Filter>头文件</Filter>
    </ClInclude>
    <ClInclude Include="src\THEngine\External\SDL2\SDL_cpuinfo.h">
      <Filter>头文件</Filter>
    </ClInclude>
    <ClInclude Include="src\THEngine\External\SDL2\SDL_egl.h">
      <Filter>头文件</Filter>
    </ClInclude>
    <ClInclude Include="src\THEngine\External\SDL2\SDL_endian.h">
      <Filter>头文件</Filter>
    </ClInclude>
    <ClInclude Include="src\THEngine\External\SDL2\SDL_error.h">
      <Filter>头文件</Filter>
    </ClInclude>
    <ClInclude Include="src\THEngine\External\SDL2\SDL_events.h">
      <Filter>头文件</Filter>
    </ClInclude>
    <ClInclude Include="src\THEngine\External\SDL2\SDL_filesystem.h">
      <Filter>头文件</Filter>
    </ClInclude>
    <ClInclude Include="src\THEngine\External\SDL2\SDL_gamecontroller.h">
      <Filter>头文件</Filter>
    </ClInclude>
    <ClInclude Include="src\THEngine\External\SDL2\SDL_gesture.h">
      <Filter>头文件</Filter>
    </ClInclude>
    <ClInclude Include="src\THEngine\External\SDL2\SDL_haptic.h">
      <Filter>头文件</Filter>
    </ClInclude>
    <ClInclude Include="src\THEngine\External\SDL2\SDL_hints.h">
      <Filter>头文件</Filter>
    </ClInclude>
    <ClInclude Include="src\THEngine\External\SDL2\SDL_joystick.h">
      <Filter>头文件</Filter>
    </ClInclude>
    <ClInclude Include="src\THEngine\External\SDL2\SDL_keyboard.h">
      <Filter>头文件</Filter>
    </ClInclude>
    <ClInclude Include="src\THEngine\External\SDL2\SDL_keycode.h">
      <Filter>头文件</Filter>
    </ClInclude>
    <ClInclude Include="src\THEngine\External\SDL2\SDL_loadso.h">
      <Filter>头文件</Filter>
    </ClInclude>
    <ClInclude Include="src\THEngine\External\SDL2\SDL_log.h">
      <Filter>头文件</Filter>
    </ClInclude>
    <ClInclude Include="src\THEngine\External\SDL2\SDL_main.h">
      <Filter>头文件</Filter>
    </ClInclude>
    <ClInclude Include="src\THEngine\External\SDL2\SDL_messagebox.h">
      <Filter>头文件</Filter>
    </ClInclude>
    <ClInclude Include="src\THEngine\External\SDL2\SDL_mixer.h">
      <Filter>头文件</Filter>
    </ClInclude>
    <ClInclude Include="src\THEngine\External\SDL2\SDL_mouse.h">
      <Filter>头文件</Filter>
    </ClInclude>
    <ClInclude Include="src\THEngine\External\SDL2\SDL_mutex.h">
      <Filter>头文件</Filter>
    </ClInclude>
    <ClInclude Include="src\THEngine\External\SDL2\SDL_name.h">
      <Filter>头文件</Filter>
    </ClInclude>
    <ClInclude Include="src\THEngine\External\SDL2\SDL_opengl.h">
      <Filter>头文件</Filter>
    </ClInclude>
    <ClInclude Include="src\THEngine\External\SDL2\SDL_opengl_glext.h">
      <Filter>头文件</Filter>
    </ClInclude>
    <ClInclude Include="src\THEngine\External\SDL2\SDL_opengles.h">
      <Filter>头文件</Filter>
    </ClInclude>
    <ClInclude Include="src\THEngine\External\SDL2\SDL_opengles2.h">
      <Filter>头文件</Filter>
    </ClInclude>
    <ClInclude Include="src\THEngine\External\SDL2\SDL_opengles2_gl2.h">
      <Filter>头文件</Filter>
    </ClInclude>
    <ClInclude Include="src\THEngine\External\SDL2\SDL_opengles2_gl2ext.h">
      <Filter>头文件</Filter>
    </ClInclude>
    <ClInclude Include="src\THEngine\External\SDL2\SDL_opengles2_gl2platform.h">
      <Filter>头文件</Filter>
    </ClInclude>
    <ClInclude Include="src\THEngine\External\SDL2\SDL_opengles2_khrplatform.h">
      <Filter>头文件</Filter>
    </ClInclude>
    <ClInclude Include="src\THEngine\External\SDL2\SDL_pixels.h">
      <Filter>头文件</Filter>
    </ClInclude>
    <ClInclude Include="src\THEngine\External\SDL2\SDL_platform.h">
      <Filter>头文件</Filter>
    </ClInclude>
    <ClInclude Include="src\THEngine\External\SDL2\SDL_power.h">
      <Filter>头文件</Filter>
    </ClInclude>
    <ClInclude Include="src\THEngine\External\SDL2\SDL_quit.h">
      <Filter>头文件</Filter>
    </ClInclude>
    <ClInclude Include="src\THEngine\External\SDL2\SDL_rect.h">
      <Filter>头文件</Filter>
    </ClInclude>
    <ClInclude Include="src\THEngine\External\SDL2\SDL_render.h">
      <Filter>头文件</Filter>
    </ClInclude>
    <ClInclude Include="src\THEngine\External\SDL2\SDL_revision.h">
      <Filter>头文件</Filter>
    </ClInclude>
    <ClInclude Include="src\THEngine\External\SDL2\SDL_rwops.h">
      <Filter>头文件</Filter>
    </ClInclude>
    <ClInclude Include="src\THEngine\External\SDL2\SDL_scancode.h">
      <Filter>头文件</Filter>
    </ClInclude>
    <ClInclude Include="src\THEngine\External\SDL2\SDL_shape.h">
      <Filter>头文件</Filter>
    </ClInclude>
    <ClInclude Include="src\THEngine\External\SDL2\SDL_stdinc.h">
      <Filter>头文件</Filter>
    </ClInclude>
    <ClInclude Include="src\THEngine\External\SDL2\SDL_surface.h">
      <Filter>头文件</Filter>
    </ClInclude>
    <ClInclude Include="src\THEngine\External\SDL2\SDL_system.h">
      <Filter>头文件</Filter>
    </ClInclude>
    <ClInclude Include="src\THEngine\External\SDL2\SDL_syswm.h">
      <Filter>头文件</Filter>
    </ClInclude>
    <ClInclude Include="src\THEngine\External\SDL2\SDL_test.h">
      <Filter>头文件</Filter>
    </ClInclude>
    <ClInclude Include="src\THEngine\External\SDL2\SDL_test_assert.h">
      <Filter>头文件</Filter>
    </ClInclude>
    <ClInclude Include="src\THEngine\External\SDL2\SDL_test_common.h">
      <Filter>头文件</Filter>
    </ClInclude>
    <ClInclude Include="src\THEngine\External\SDL2\SDL_test_compare.h">
      <Filter>头文件</Filter>
    </ClInclude>
    <ClInclude Include="src\THEngine\External\SDL2\SDL_test_crc32.h">
      <Filter>头文件</Filter>
    </ClInclude>
    <ClInclude Include="src\THEngine\External\SDL2\SDL_test_font.h">
      <Filter>头文件</Filter>
    </ClInclude>
    <ClInclude Include="src\THEngine\External\SDL2\SDL_test_fuzzer.h">
      <Filter>头文件</Filter>
    </ClInclude>
    <ClInclude Include="src\THEngine\External\SDL2\SDL_test_harness.h">
      <Filter>头文件</Filter>
    </ClInclude>
    <ClInclude Include="src\THEngine\External\SDL2\SDL_test_images.h">
      <Filter>头文件</Filter>
    </ClInclude>
    <ClInclude Include="src\THEngine\External\SDL2\SDL_test_log.h">
      <Filter>头文件</Filter>
    </ClInclude>
    <ClInclude Include="src\THEngine\External\SDL2\SDL_test_md5.h">
      <Filter>头文件</Filter>
    </ClInclude>
    <ClInclude Include="src\THEngine\External\SDL2\SDL_test_random.h">
      <Filter>头文件</Filter>
    </ClInclude>
    <ClInclude Include="src\THEngine\External\SDL2\SDL_thread.h">
      <Filter>头文件</Filter>
    </ClInclude>
    <ClInclude Include="src\THEngine\External\SDL2\SDL_timer.h">
      <Filter>头文件</Filter>
    </ClInclude>
    <ClInclude Include="src\THEngine\External\SDL2\SDL_touch.h">
      <Filter>头文件</Filter>
    </ClInclude>
    <ClInclude Include="src\THEngine\External\SDL2\SDL_types.h">
      <Filter>头文件</Filter>
    </ClInclude>
    <ClInclude Include="src\THEngine\External\SDL2\SDL_version.h">
      <Filter>头文件</Filter>
    </ClInclude>
    <ClInclude Include="src\THEngine\External\SDL2\SDL_video.h">
      <Filter>头文件</Filter>
    </ClInclude>
    <ClInclude Include="src\THEngine\Platform\THCoreDumper.h">
      <Filter>头文件</Filter>
    </ClInclude>
    <ClInclude Include="src\THEngine\Platform\THDevice.h">
      <Filter>头文件</Filter>
    </ClInclude>
    <ClInclude Include="src\THEngine\Platform\THSurface.h">
      <Filter>头文件</Filter>
    </ClInclude>
    <ClInclude Include="src\THEngine\Platform\THSystemClock.h">
      <Filter>头文件</Filter>
    </ClInclude>
    <ClInclude Include="src\THEngine\Renderer\THRenderPipeline.h">
      <Filter>头文件</Filter>
    </ClInclude>
    <ClInclude Include="src\THEngine\Renderer\THShadowMap.h">
      <Filter>头文件</Filter>
    </ClInclude>
    <ClInclude Include="src\THEngine\Renderer\THShadowRenderer.h">
      <Filter>头文件</Filter>
    </ClInclude>
    <ClInclude Include="src\THEngine\Renderer\THSkyBoxRenderer.h">
      <Filter>头文件</Filter>
    </ClInclude>
    <ClInclude Include="src\THEngine\Scheduling\THFrameTimer.h">
      <Filter>头文件</Filter>
    </ClInclude>
    <ClInclude Include="src\THEngine\Scheduling\THScheduler.h">
      <Filter>头文件</Filter>
    </ClInclude>
    <ClInclude Include="src\THEngine\Scheduling\THTime.h">
      <Filter>头文件</Filter>
    </ClInclude>
    <ClInclude Include="src\THEngine\Scheduling\THTimer.h">
      <Filter>头文件</Filter>
    </ClInclude>
    <ClInclude Include="src\THEngine\Util\THPicker.h">
      <Filter>头文件</Filter>
    </ClInclude>
  </ItemGroup>
  <ItemGroup>
    <Image Include="res\font\font-fps-opensans.png">
      <Filter>资源文件</Filter>
    </Image>
    <Image Include="res\icon\Game.ico">
      <Filter>资源文件</Filter>
    </Image>
    <Image Include="res\icon\small.ico">
      <Filter>资源文件</Filter>
    </Image>
  </ItemGroup>
  <ItemGroup>
    <ResourceCompile Include="Game.rc">
      <Filter>资源文件</Filter>
    </ResourceCompile>
  </ItemGroup>
  <ItemGroup>
    <Text Include="res\font\font-fps-opensans.txt" />
  </ItemGroup>
  <ItemGroup>
    <None Include="fx\mesh.fx" />
    <None Include="fx\sprite.fx" />
    <None Include="fx\lighting.fx" />
  </ItemGroup>
  <ItemGroup>
    <Library Include="lib\libjpeg\jpeg.lib" />
  </ItemGroup>
</Project>